
Microsoft Visual Studio Solution File, Format Version 12.00
# Visual Studio Version 16
VisualStudioVersion = 16.0.30717.126
MinimumVisualStudioVersion = 10.0.40219.1
Project("{FAE04EC0-301F-11D3-BF4B-00C04F79EFBC}") = "OnlineLibrarySystem", "OnlineLibrarySystem\OnlineLibrarySystem.csproj", "{2B4D4518-18ED-4218-9D15-3E2AEA2CC2E1}"
EndProject
Global
	GlobalSection(SolutionConfigurationPlatforms) = preSolution
		Debug|Any CPU = Debug|Any CPU
		Release|Any CPU = Release|Any CPU
	EndGlobalSection
	GlobalSection(ProjectConfigurationPlatforms) = postSolution
		{2B4D4518-18ED-4218-9D15-3E2AEA2CC2E1}.Debug|Any CPU.ActiveCfg = Debug|Any CPU
		{2B4D4518-18ED-4218-9D15-3E2AEA2CC2E1}.Debug|Any CPU.Build.0 = Debug|Any CPU
		{2B4D4518-18ED-4218-9D15-3E2AEA2CC2E1}.Release|Any CPU.ActiveCfg = Release|Any CPU
		{2B4D4518-18ED-4218-9D15-3E2AEA2CC2E1}.Release|Any CPU.Build.0 = Release|Any CPU
	EndGlobalSection
	GlobalSection(SolutionProperties) = preSolution
		HideSolutionNode = FALSE
	EndGlobalSection
	GlobalSection(ExtensibilityGlobals) = postSolution
		SolutionGuid = {15B9FA6D-E63C-4064-859C-A73C22A42680}
	EndGlobalSection
EndGlobal
