
Microsoft Visual Studio Solution File, Format Version 12.00
# Visual Studio Version 16
VisualStudioVersion = 16.0.30128.74
MinimumVisualStudioVersion = 10.0.40219.1
Project("{FAE04EC0-301F-11D3-BF4B-00C04F79EFBC}") = "Asp.net Araba satış sitesi", "Asp.net Araba satış sitesi\Asp.net Araba satış sitesi.csproj", "{A069BAA9-0B28-404F-A152-3B08BAEFDCD9}"
EndProject
Global
	GlobalSection(SolutionConfigurationPlatforms) = preSolution
		Debug|Any CPU = Debug|Any CPU
		Release|Any CPU = Release|Any CPU
	EndGlobalSection
	GlobalSection(ProjectConfigurationPlatforms) = postSolution
		{A069BAA9-0B28-404F-A152-3B08BAEFDCD9}.Debug|Any CPU.ActiveCfg = Debug|Any CPU
		{A069BAA9-0B28-404F-A152-3B08BAEFDCD9}.Debug|Any CPU.Build.0 = Debug|Any CPU
		{A069BAA9-0B28-404F-A152-3B08BAEFDCD9}.Release|Any CPU.ActiveCfg = Release|Any CPU
		{A069BAA9-0B28-404F-A152-3B08BAEFDCD9}.Release|Any CPU.Build.0 = Release|Any CPU
	EndGlobalSection
	GlobalSection(SolutionProperties) = preSolution
		HideSolutionNode = FALSE
	EndGlobalSection
	GlobalSection(ExtensibilityGlobals) = postSolution
		SolutionGuid = {6ADD4DDA-70AB-4BC2-B984-52C8A5E3F535}
	EndGlobalSection
EndGlobal
